
Microsoft Visual Studio Solution File, Format Version 12.00
# Visual Studio Version 16
VisualStudioVersion = 16.0.29926.136
MinimumVisualStudioVersion = 10.0.40219.1
Project("{FAE04EC0-301F-11D3-BF4B-00C04F79EFBC}") = "Fence", "Fence\Fence.csproj", "{4A500637-69F2-4A4A-B9DA-B07336412EA1}"
EndProject
Global
	GlobalSection(SolutionConfigurationPlatforms) = preSolution
		Debug|Any CPU = Debug|Any CPU
		Release|Any CPU = Release|Any CPU
	EndGlobalSection
	GlobalSection(ProjectConfigurationPlatforms) = postSolution
		{4A500637-69F2-4A4A-B9DA-B07336412EA1}.Debug|Any CPU.ActiveCfg = Debug|Any CPU
		{4A500637-69F2-4A4A-B9DA-B07336412EA1}.Debug|Any CPU.Build.0 = Debug|Any CPU
		{4A500637-69F2-4A4A-B9DA-B07336412EA1}.Release|Any CPU.ActiveCfg = Release|Any CPU
		{4A500637-69F2-4A4A-B9DA-B07336412EA1}.Release|Any CPU.Build.0 = Release|Any CPU
	EndGlobalSection
	GlobalSection(SolutionProperties) = preSolution
		HideSolutionNode = FALSE
	EndGlobalSection
	GlobalSection(ExtensibilityGlobals) = postSolution
		SolutionGuid = {F8A4C18B-7413-49E2-B84E-F8B86398F8B5}
	EndGlobalSection
EndGlobal
